
Microsoft Visual Studio Solution File, Format Version 12.00
# Visual Studio Version 17
VisualStudioVersion = 17.0.31903.59
MinimumVisualStudioVersion = 10.0.40219.1
Global
	GlobalSection(SolutionConfigurationPlatforms) = preSolution
		Debug|Any CPU = Debug|Any CPU
		Release|Any CPU = Release|Any CPU
	EndGlobalSection
	GlobalSection(SolutionProperties) = preSolution
		HideSolutionNode = FALSE
	EndGlobalSection
	GlobalSection(ProjectConfigurationPlatforms) = postSolution
		{4837CACC-9FF9-4ACA-8882-C80F40AA0380}.Debug|Any CPU.ActiveCfg = Debug|Any CPU
		{4837CACC-9FF9-4ACA-8882-C80F40AA0380}.Debug|Any CPU.Build.0 = Debug|Any CPU
		{4837CACC-9FF9-4ACA-8882-C80F40AA0380}.Release|Any CPU.ActiveCfg = Release|Any CPU
		{4837CACC-9FF9-4ACA-8882-C80F40AA0380}.Release|Any CPU.Build.0 = Release|Any CPU
		{5F0D98C7-5080-4DDA-90CB-59061C93B75C}.Debug|Any CPU.ActiveCfg = Debug|Any CPU
		{5F0D98C7-5080-4DDA-90CB-59061C93B75C}.Debug|Any CPU.Build.0 = Debug|Any CPU
		{5F0D98C7-5080-4DDA-90CB-59061C93B75C}.Release|Any CPU.ActiveCfg = Release|Any CPU
		{5F0D98C7-5080-4DDA-90CB-59061C93B75C}.Release|Any CPU.Build.0 = Release|Any CPU
		{DA37E5FD-5891-4EF5-835F-88103144B596}.Debug|Any CPU.ActiveCfg = Debug|Any CPU
		{DA37E5FD-5891-4EF5-835F-88103144B596}.Debug|Any CPU.Build.0 = Debug|Any CPU
		{DA37E5FD-5891-4EF5-835F-88103144B596}.Release|Any CPU.ActiveCfg = Release|Any CPU
		{DA37E5FD-5891-4EF5-835F-88103144B596}.Release|Any CPU.Build.0 = Release|Any CPU
		{F953895E-2467-46AF-B18F-7A4BD1EC6917}.Debug|Any CPU.ActiveCfg = Debug|Any CPU
		{F953895E-2467-46AF-B18F-7A4BD1EC6917}.Debug|Any CPU.Build.0 = Debug|Any CPU
		{F953895E-2467-46AF-B18F-7A4BD1EC6917}.Release|Any CPU.ActiveCfg = Release|Any CPU
		{F953895E-2467-46AF-B18F-7A4BD1EC6917}.Release|Any CPU.Build.0 = Release|Any CPU
	EndGlobalSection
EndGlobal
